
Microsoft Visual Studio Solution File, Format Version 12.00
# Visual Studio 15
VisualStudioVersion = 15.0.27428.2005
MinimumVisualStudioVersion = 10.0.40219.1
Project("{8BC9CEB8-8B4A-11D0-8D11-00A0C91BC942}") = "duilie_lianbiao", "duilie_lianbiao\duilie_lianbiao.vcxproj", "{40BAAB53-EAAF-4751-8709-A8DA5D81FF17}"
EndProject
Global
	GlobalSection(SolutionConfigurationPlatforms) = preSolution
		Debug|x64 = Debug|x64
		Debug|x86 = Debug|x86
		Release|x64 = Release|x64
		Release|x86 = Release|x86
	EndGlobalSection
	GlobalSection(ProjectConfigurationPlatforms) = postSolution
		{40BAAB53-EAAF-4751-8709-A8DA5D81FF17}.Debug|x64.ActiveCfg = Debug|x64
		{40BAAB53-EAAF-4751-8709-A8DA5D81FF17}.Debug|x64.Build.0 = Debug|x64
		{40BAAB53-EAAF-4751-8709-A8DA5D81FF17}.Debug|x86.ActiveCfg = Debug|Win32
		{40BAAB53-EAAF-4751-8709-A8DA5D81FF17}.Debug|x86.Build.0 = Debug|Win32
		{40BAAB53-EAAF-4751-8709-A8DA5D81FF17}.Release|x64.ActiveCfg = Release|x64
		{40BAAB53-EAAF-4751-8709-A8DA5D81FF17}.Release|x64.Build.0 = Release|x64
		{40BAAB53-EAAF-4751-8709-A8DA5D81FF17}.Release|x86.ActiveCfg = Release|Win32
		{40BAAB53-EAAF-4751-8709-A8DA5D81FF17}.Release|x86.Build.0 = Release|Win32
	EndGlobalSection
	GlobalSection(SolutionProperties) = preSolution
		HideSolutionNode = FALSE
	EndGlobalSection
	GlobalSection(ExtensibilityGlobals) = postSolution
		SolutionGuid = {BC35A1DA-39BA-4EC7-A07C-623DE6F8F0FD}
	EndGlobalSection
EndGlobal
